
Microsoft Visual Studio Solution File, Format Version 12.00
# Visual Studio Version 16
VisualStudioVersion = 16.0.32126.315
MinimumVisualStudioVersion = 10.0.40219.1
Project("{FAE04EC0-301F-11D3-BF4B-00C04F79EFBC}") = "Hashset", "Hashset\Hashset.csproj", "{7EB00B6B-2F47-4293-BC6A-FA841116178D}"
EndProject
Global
	GlobalSection(SolutionConfigurationPlatforms) = preSolution
		Debug|Any CPU = Debug|Any CPU
		Release|Any CPU = Release|Any CPU
	EndGlobalSection
	GlobalSection(ProjectConfigurationPlatforms) = postSolution
		{7EB00B6B-2F47-4293-BC6A-FA841116178D}.Debug|Any CPU.ActiveCfg = Debug|Any CPU
		{7EB00B6B-2F47-4293-BC6A-FA841116178D}.Debug|Any CPU.Build.0 = Debug|Any CPU
		{7EB00B6B-2F47-4293-BC6A-FA841116178D}.Release|Any CPU.ActiveCfg = Release|Any CPU
		{7EB00B6B-2F47-4293-BC6A-FA841116178D}.Release|Any CPU.Build.0 = Release|Any CPU
	EndGlobalSection
	GlobalSection(SolutionProperties) = preSolution
		HideSolutionNode = FALSE
	EndGlobalSection
	GlobalSection(ExtensibilityGlobals) = postSolution
		SolutionGuid = {D106ED4D-8BF9-4ECB-966D-CD97A79FD8B9}
	EndGlobalSection
EndGlobal
